// !$*UTF8*$!
{
	archiveVersion = 1;
	classes = {
	};
	objectVersion = 50;
	objects = {

/* Begin PBXBuildFile section */
		0CFEA40725FB709F0075AC6D /* AppDelegate.swift in Sources */ = {isa = PBXBuildFile; fileRef = 0CFEA40625FB709F0075AC6D /* AppDelegate.swift */; };
		0CFEA40925FB709F0075AC6D /* SceneDelegate.swift in Sources */ = {isa = PBXBuildFile; fileRef = 0CFEA40825FB709F0075AC6D /* SceneDelegate.swift */; };
		0CFEA40E25FB709F0075AC6D /* Main.storyboard in Resources */ = {isa = PBXBuildFile; fileRef = 0CFEA40C25FB709F0075AC6D /* Main.storyboard */; };
		0CFEA41025FB70A70075AC6D /* Assets.xcassets in Resources */ = {isa = PBXBuildFile; fileRef = 0CFEA40F25FB70A70075AC6D /* Assets.xcassets */; };
		0CFEA41325FB70A70075AC6D /* LaunchScreen.storyboard in Resources */ = {isa = PBXBuildFile; fileRef = 0CFEA41125FB70A70075AC6D /* LaunchScreen.storyboard */; };
		0CFEA42625FB75790075AC6D /* Me.storyboard in Resources */ = {isa = PBXBuildFile; fileRef = 0CFEA42525FB75790075AC6D /* Me.storyboard */; };
		0CFEA42A25FF3C4D0075AC6D /* crayon_1-1.ttf in Resources */ = {isa = PBXBuildFile; fileRef = 0CFEA42925FF3C4D0075AC6D /* crayon_1-1.ttf */; };
		0CFEA42E25FF45FB0075AC6D /* Travel.storyboard in Resources */ = {isa = PBXBuildFile; fileRef = 0CFEA42D25FF45FB0075AC6D /* Travel.storyboard */; };
		0CFEA43225FF51850075AC6D /* GoldCoast.storyboard in Resources */ = {isa = PBXBuildFile; fileRef = 0CFEA43125FF51850075AC6D /* GoldCoast.storyboard */; };
		0CFEA43525FF56380075AC6D /* Seoul.storyboard in Resources */ = {isa = PBXBuildFile; fileRef = 0CFEA43425FF56380075AC6D /* Seoul.storyboard */; };
		0CFEA43825FF57E80075AC6D /* Bangkok.storyboard in Resources */ = {isa = PBXBuildFile; fileRef = 0CFEA43725FF57E80075AC6D /* Bangkok.storyboard */; };
		0CFEA43B25FF58B90075AC6D /* ChiangMai.storyboard in Resources */ = {isa = PBXBuildFile; fileRef = 0CFEA43A25FF58B90075AC6D /* ChiangMai.storyboard */; };
/* End PBXBuildFile section */

/* Begin PBXFileReference section */
		0CFEA40325FB709F0075AC6D /* TravelBlogger.app */ = {isa = PBXFileReference; explicitFileType = wrapper.application; includeInIndex = 0; path = TravelBlogger.app; sourceTree = BUILT_PRODUCTS_DIR; };
		0CFEA40625FB709F0075AC6D /* AppDelegate.swift */ = {isa = PBXFileReference; lastKnownFileType = sourcecode.swift; path = AppDelegate.swift; sourceTree = "<group>"; };
		0CFEA40825FB709F0075AC6D /* SceneDelegate.swift */ = {isa = PBXFileReference; lastKnownFileType = sourcecode.swift; path = SceneDelegate.swift; sourceTree = "<group>"; };
		0CFEA40D25FB709F0075AC6D /* Base */ = {isa = PBXFileReference; lastKnownFileType = file.storyboard; name = Base; path = Base.lproj/Main.storyboard; sourceTree = "<group>"; };
		0CFEA40F25FB70A70075AC6D /* Assets.xcassets */ = {isa = PBXFileReference; lastKnownFileType = folder.assetcatalog; path = Assets.xcassets; sourceTree = "<group>"; };
		0CFEA41225FB70A70075AC6D /* Base */ = {isa = PBXFileReference; lastKnownFileType = file.storyboard; name = Base; path = Base.lproj/LaunchScreen.storyboard; sourceTree = "<group>"; };
		0CFEA41425FB70A70075AC6D /* Info.plist */ = {isa = PBXFileReference; lastKnownFileType = text.plist.xml; path = Info.plist; sourceTree = "<group>"; };
		0CFEA42525FB75790075AC6D /* Me.storyboard */ = {isa = PBXFileReference; lastKnownFileType = file.storyboard; path = Me.storyboard; sourceTree = "<group>"; };
		0CFEA42925FF3C4D0075AC6D /* crayon_1-1.ttf */ = {isa = PBXFileReference; lastKnownFileType = file; path = "crayon_1-1.ttf"; sourceTree = "<group>"; };
		0CFEA42D25FF45FB0075AC6D /* Travel.storyboard */ = {isa = PBXFileReference; lastKnownFileType = file.storyboard; path = Travel.storyboard; sourceTree = "<group>"; };
		0CFEA43125FF51850075AC6D /* GoldCoast.storyboard */ = {isa = PBXFileReference; lastKnownFileType = file.storyboard; path = GoldCoast.storyboard; sourceTree = "<group>"; };
		0CFEA43425FF56380075AC6D /* Seoul.storyboard */ = {isa = PBXFileReference; lastKnownFileType = file.storyboard; path = Seoul.storyboard; sourceTree = "<group>"; };
		0CFEA43725FF57E80075AC6D /* Bangkok.storyboard */ = {isa = PBXFileReference; lastKnownFileType = file.storyboard; path = Bangkok.storyboard; sourceTree = "<group>"; };
		0CFEA43A25FF58B90075AC6D /* ChiangMai.storyboard */ = {isa = PBXFileReference; lastKnownFileType = file.storyboard; path = ChiangMai.storyboard; sourceTree = "<group>"; };
/* End PBXFileReference section */

/* Begin PBXFrameworksBuildPhase section */
		0CFEA40025FB709E0075AC6D /* Frameworks */ = {
			isa = PBXFrameworksBuildPhase;
			buildActionMask = 2147483647;
			files = (
			);
			runOnlyForDeploymentPostprocessing = 0;
		};
/* End PBXFrameworksBuildPhase section */

/* Begin PBXGroup section */
		0CFEA3FA25FB709E0075AC6D = {
			isa = PBXGroup;
			children = (
				0CFEA40525FB709F0075AC6D /* TravelBlogger */,
				0CFEA40425FB709F0075AC6D /* Products */,
			);
			sourceTree = "<group>";
		};
		0CFEA40425FB709F0075AC6D /* Products */ = {
			isa = PBXGroup;
			children = (
				0CFEA40325FB709F0075AC6D /* TravelBlogger.app */,
			);
			name = Products;
			sourceTree = "<group>";
		};
		0CFEA40525FB709F0075AC6D /* TravelBlogger */ = {
			isa = PBXGroup;
			children = (
				0CFEA42825FF3C2E0075AC6D /* Font */,
				0CFEA40625FB709F0075AC6D /* AppDelegate.swift */,
				0CFEA40825FB709F0075AC6D /* SceneDelegate.swift */,
				0CFEA42D25FF45FB0075AC6D /* Travel.storyboard */,
				0CFEA43125FF51850075AC6D /* GoldCoast.storyboard */,
				0CFEA43425FF56380075AC6D /* Seoul.storyboard */,
				0CFEA43725FF57E80075AC6D /* Bangkok.storyboard */,
				0CFEA43A25FF58B90075AC6D /* ChiangMai.storyboard */,
				0CFEA40C25FB709F0075AC6D /* Main.storyboard */,
				0CFEA42525FB75790075AC6D /* Me.storyboard */,
				0CFEA40F25FB70A70075AC6D /* Assets.xcassets */,
				0CFEA41125FB70A70075AC6D /* LaunchScreen.storyboard */,
				0CFEA41425FB70A70075AC6D /* Info.plist */,
			);
			path = TravelBlogger;
			sourceTree = "<group>";
		};
		0CFEA42825FF3C2E0075AC6D /* Font */ = {
			isa = PBXGroup;
			children = (
				0CFEA42925FF3C4D0075AC6D /* crayon_1-1.ttf */,
			);
			path = Font;
			sourceTree = "<group>";
		};
/* End PBXGroup section */

/* Begin PBXNativeTarget section */
		0CFEA40225FB709E0075AC6D /* TravelBlogger */ = {
			isa = PBXNativeTarget;
			buildConfigurationList = 0CFEA41725FB70A70075AC6D /* Build configuration list for PBXNativeTarget "TravelBlogger" */;
			buildPhases = (
				0CFEA3FF25FB709E0075AC6D /* Sources */,
				0CFEA40025FB709E0075AC6D /* Frameworks */,
				0CFEA40125FB709E0075AC6D /* Resources */,
			);
			buildRules = (
			);
			dependencies = (
			);
			name = TravelBlogger;
			productName = TravelBlogger;
			productReference = 0CFEA40325FB709F0075AC6D /* TravelBlogger.app */;
			productType = "com.apple.product-type.application";
		};
/* End PBXNativeTarget section */

/* Begin PBXProject section */
		0CFEA3FB25FB709E0075AC6D /* Project object */ = {
			isa = PBXProject;
			attributes = {
				LastSwiftUpdateCheck = 1240;
				LastUpgradeCheck = 1240;
				TargetAttributes = {
					0CFEA40225FB709E0075AC6D = {
						CreatedOnToolsVersion = 12.4;
					};
				};
			};
			buildConfigurationList = 0CFEA3FE25FB709E0075AC6D /* Build configuration list for PBXProject "TravelBlogger" */;
			compatibilityVersion = "Xcode 9.3";
			developmentRegion = en;
			hasScannedForEncodings = 0;
			knownRegions = (
				en,
				Base,
			);
			mainGroup = 0CFEA3FA25FB709E0075AC6D;
			productRefGroup = 0CFEA40425FB709F0075AC6D /* Products */;
			projectDirPath = "";
			projectRoot = "";
			targets = (
				0CFEA40225FB709E0075AC6D /* TravelBlogger */,
			);
		};
/* End PBXProject section */

/* Begin PBXResourcesBuildPhase section */
		0CFEA40125FB709E0075AC6D /* Resources */ = {
			isa = PBXResourcesBuildPhase;
			buildActionMask = 2147483647;
			files = (
				0CFEA42A25FF3C4D0075AC6D /* crayon_1-1.ttf in Resources */,
				0CFEA43825FF57E80075AC6D /* Bangkok.storyboard in Resources */,
				0CFEA41325FB70A70075AC6D /* LaunchScreen.storyboard in Resources */,
				0CFEA41025FB70A70075AC6D /* Assets.xcassets in Resources */,
				0CFEA42625FB75790075AC6D /* Me.storyboard in Resources */,
				0CFEA42E25FF45FB0075AC6D /* Travel.storyboard in Resources */,
				0CFEA40E25FB709F0075AC6D /* Main.storyboard in Resources */,
				0CFEA43225FF51850075AC6D /* GoldCoast.storyboard in Resources */,
				0CFEA43B25FF58B90075AC6D /* ChiangMai.storyboard in Resources */,
				0CFEA43525FF56380075AC6D /* Seoul.storyboard in Resources */,
			);
			runOnlyForDeploymentPostprocessing = 0;
		};
/* End PBXResourcesBuildPhase section */

/* Begin PBXSourcesBuildPhase section */
		0CFEA3FF25FB709E0075AC6D /* Sources */ = {
			isa = PBXSourcesBuildPhase;
			buildActionMask = 2147483647;
			files = (
				0CFEA40725FB709F0075AC6D /* AppDelegate.swift in Sources */,
				0CFEA40925FB709F0075AC6D /* SceneDelegate.swift in Sources */,
			);
			runOnlyForDeploymentPostprocessing = 0;
		};
/* End PBXSourcesBuildPhase section */

/* Begin PBXVariantGroup section */
		0CFEA40C25FB709F0075AC6D /* Main.storyboard */ = {
			isa = PBXVariantGroup;
			children = (
				0CFEA40D25FB709F0075AC6D /* Base */,
			);
			name = Main.storyboard;
			sourceTree = "<group>";
		};
		0CFEA41125FB70A70075AC6D /* LaunchScreen.storyboard */ = {
			isa = PBXVariantGroup;
			children = (
				0CFEA41225FB70A70075AC6D /* Base */,
			);
			name = LaunchScreen.storyboard;
			sourceTree = "<group>";
		};
/* End PBXVariantGroup section */

/* Begin XCBuildConfiguration section */
		0CFEA41525FB70A70075AC6D /* Debug */ = {
			isa = XCBuildConfiguration;
			buildSettings = {
				ALWAYS_SEARCH_USER_PATHS = NO;
				CLANG_ANALYZER_NONNULL = YES;
				CLANG_ANALYZER_NUMBER_OBJECT_CONVERSION = YES_AGGRESSIVE;
				CLANG_CXX_LANGUAGE_STANDARD = "gnu++14";
				CLANG_CXX_LIBRARY = "libc++";
				CLANG_ENABLE_MODULES = YES;
				CLANG_ENABLE_OBJC_ARC = YES;
				CLANG_ENABLE_OBJC_WEAK = YES;
				CLANG_WARN_BLOCK_CAPTURE_AUTORELEASING = YES;
				CLANG_WARN_BOOL_CONVERSION = YES;
				CLANG_WARN_COMMA = YES;
				CLANG_WARN_CONSTANT_CONVERSION = YES;
				CLANG_WARN_DEPRECATED_OBJC_IMPLEMENTATIONS = YES;
				CLANG_WARN_DIRECT_OBJC_ISA_USAGE = YES_ERROR;
				CLANG_WARN_DOCUMENTATION_COMMENTS = YES;
				CLANG_WARN_EMPTY_BODY = YES;
				CLANG_WARN_ENUM_CONVERSION = YES;
				CLANG_WARN_INFINITE_RECURSION = YES;
				CLANG_WARN_INT_CONVERSION = YES;
				CLANG_WARN_NON_LITERAL_NULL_CONVERSION = YES;
				CLANG_WARN_OBJC_IMPLICIT_RETAIN_SELF = YES;
				CLANG_WARN_OBJC_LITERAL_CONVERSION = YES;
				CLANG_WARN_OBJC_ROOT_CLASS = YES_ERROR;
				CLANG_WARN_QUOTED_INCLUDE_IN_FRAMEWORK_HEADER = YES;
				CLANG_WARN_RANGE_LOOP_ANALYSIS = YES;
				CLANG_WARN_STRICT_PROTOTYPES = YES;
				CLANG_WARN_SUSPICIOUS_MOVE = YES;
				CLANG_WARN_UNGUARDED_AVAILABILITY = YES_AGGRESSIVE;
				CLANG_WARN_UNREACHABLE_CODE = YES;
				CLANG_WARN__DUPLICATE_METHOD_MATCH = YES;
				COPY_PHASE_STRIP = NO;
				DEBUG_INFORMATION_FORMAT = dwarf;
				ENABLE_STRICT_OBJC_MSGSEND = YES;
				ENABLE_TESTABILITY = YES;
				GCC_C_LANGUAGE_STANDARD = gnu11;
				GCC_DYNAMIC_NO_PIC = NO;
				GCC_NO_COMMON_BLOCKS = YES;
				GCC_OPTIMIZATION_LEVEL = 0;
				GCC_PREPROCESSOR_DEFINITIONS = (
					"DEBUG=1",
					"$(inherited)",
				);
				GCC_WARN_64_TO_32_BIT_CONVERSION = YES;
				GCC_WARN_ABOUT_RETURN_TYPE = YES_ERROR;
				GCC_WARN_UNDECLARED_SELECTOR = YES;
				GCC_WARN_UNINITIALIZED_AUTOS = YES_AGGRESSIVE;
				GCC_WARN_UNUSED_FUNCTION = YES;
				GCC_WARN_UNUSED_VARIABLE = YES;
				IPHONEOS_DEPLOYMENT_TARGET = 14.4;
				MTL_ENABLE_DEBUG_INFO = INCLUDE_SOURCE;
				MTL_FAST_MATH = YES;
				ONLY_ACTIVE_ARCH = YES;
				SDKROOT = iphoneos;
				SWIFT_ACTIVE_COMPILATION_CONDITIONS = DEBUG;
				SWIFT_OPTIMIZATION_LEVEL = "-Onone";
			};
			name = Debug;
		};
		0CFEA41625FB70A70075AC6D /* Release */ = {
			isa = XCBuildConfiguration;
			buildSettings = {
				ALWAYS_SEARCH_USER_PATHS = NO;
				CLANG_ANALYZER_NONNULL = YES;
				CLANG_ANALYZER_NUMBER_OBJECT_CONVERSION = YES_AGGRESSIVE;
				CLANG_CXX_LANGUAGE_STANDARD = "gnu++14";
				CLANG_CXX_LIBRARY = "libc++";
				CLANG_ENABLE_MODULES = YES;
				CLANG_ENABLE_OBJC_ARC = YES;
				CLANG_ENABLE_OBJC_WEAK = YES;
				CLANG_WARN_BLOCK_CAPTURE_AUTORELEASING = YES;
				CLANG_WARN_BOOL_CONVERSION = YES;
				CLANG_WARN_COMMA = YES;
				CLANG_WARN_CONSTANT_CONVERSION = YES;
				CLANG_WARN_DEPRECATED_OBJC_IMPLEMENTATIONS = YES;
				CLANG_WARN_DIRECT_OBJC_ISA_USAGE = YES_ERROR;
				CLANG_WARN_DOCUMENTATION_COMMENTS = YES;
				CLANG_WARN_EMPTY_BODY = YES;
				CLANG_WARN_ENUM_CONVERSION = YES;
				CLANG_WARN_INFINITE_RECURSION = YES;
				CLANG_WARN_INT_CONVERSION = YES;
				CLANG_WARN_NON_LITERAL_NULL_CONVERSION = YES;
				CLANG_WARN_OBJC_IMPLICIT_RETAIN_SELF = YES;
				CLANG_WARN_OBJC_LITERAL_CONVERSION = YES;
				CLANG_WARN_OBJC_ROOT_CLASS = YES_ERROR;
				CLANG_WARN_QUOTED_INCLUDE_IN_FRAMEWORK_HEADER = YES;
				CLANG_WARN_RANGE_LOOP_ANALYSIS = YES;
				CLANG_WARN_STRICT_PROTOTYPES = YES;
				CLANG_WARN_SUSPICIOUS_MOVE = YES;
				CLANG_WARN_UNGUARDED_AVAILABILITY = YES_AGGRESSIVE;
				CLANG_WARN_UNREACHABLE_CODE = YES;
				CLANG_WARN__DUPLICATE_METHOD_MATCH = YES;
				COPY_PHASE_STRIP = NO;
				DEBUG_INFORMATION_FORMAT = "dwarf-with-dsym";
				ENABLE_NS_ASSERTIONS = NO;
				ENABLE_STRICT_OBJC_MSGSEND = YES;
				GCC_C_LANGUAGE_STANDARD = gnu11;
				GCC_NO_COMMON_BLOCKS = YES;
				GCC_WARN_64_TO_32_BIT_CONVERSION = YES;
				GCC_WARN_ABOUT_RETURN_TYPE = YES_ERROR;
				GCC_WARN_UNDECLARED_SELECTOR = YES;
				GCC_WARN_UNINITIALIZED_AUTOS = YES_AGGRESSIVE;
				GCC_WARN_UNUSED_FUNCTION = YES;
				GCC_WARN_UNUSED_VARIABLE = YES;
				IPHONEOS_DEPLOYMENT_TARGET = 14.4;
				MTL_ENABLE_DEBUG_INFO = NO;
				MTL_FAST_MATH = YES;
				SDKROOT = iphoneos;
				SWIFT_COMPILATION_MODE = wholemodule;
				SWIFT_OPTIMIZATION_LEVEL = "-O";
				VALIDATE_PRODUCT = YES;
			};
			name = Release;
		};
		0CFEA41825FB70A70075AC6D /* Debug */ = {
			isa = XCBuildConfiguration;
			buildSettings = {
				ASSETCATALOG_COMPILER_APPICON_NAME = AppIcon;
				ASSETCATALOG_COMPILER_GLOBAL_ACCENT_COLOR_NAME = AccentColor;
				CODE_SIGN_STYLE = Automatic;
				DEVELOPMENT_TEAM = WB4WFC3NY4;
				INFOPLIST_FILE = TravelBlogger/Info.plist;
				LD_RUNPATH_SEARCH_PATHS = (
					"$(inherited)",
					"@executable_path/Frameworks",
				);
				PRODUCT_BUNDLE_IDENTIFIER = com.gilbertwang.TravelBlogger;
				PRODUCT_NAME = "$(TARGET_NAME)";
				SWIFT_VERSION = 5.0;
				TARGETED_DEVICE_FAMILY = "1,2";
			};
			name = Debug;
		};
		0CFEA41925FB70A70075AC6D /* Release */ = {
			isa = XCBuildConfiguration;
			buildSettings = {
				ASSETCATALOG_COMPILER_APPICON_NAME = AppIcon;
				ASSETCATALOG_COMPILER_GLOBAL_ACCENT_COLOR_NAME = AccentColor;
				CODE_SIGN_STYLE = Automatic;
				DEVELOPMENT_TEAM = WB4WFC3NY4;
				INFOPLIST_FILE = TravelBlogger/Info.plist;
				LD_RUNPATH_SEARCH_PATHS = (
					"$(inherited)",
					"@executable_path/Frameworks",
				);
				PRODUCT_BUNDLE_IDENTIFIER = com.gilbertwang.TravelBlogger;
				PRODUCT_NAME = "$(TARGET_NAME)";
				SWIFT_VERSION = 5.0;
				TARGETED_DEVICE_FAMILY = "1,2";
			};
			name = Release;
		};
/* End XCBuildConfiguration section */

/* Begin XCConfigurationList section */
		0CFEA3FE25FB709E0075AC6D /* Build configuration list for PBXProject "TravelBlogger" */ = {
			isa = XCConfigurationList;
			buildConfigurations = (
				0CFEA41525FB70A70075AC6D /* Debug */,
				0CFEA41625FB70A70075AC6D /* Release */,
			);
			defaultConfigurationIsVisible = 0;
			defaultConfigurationName = Release;
		};
		0CFEA41725FB70A70075AC6D /* Build configuration list for PBXNativeTarget "TravelBlogger" */ = {
			isa = XCConfigurationList;
			buildConfigurations = (
				0CFEA41825FB70A70075AC6D /* Debug */,
				0CFEA41925FB70A70075AC6D /* Release */,
			);
			defaultConfigurationIsVisible = 0;
			defaultConfigurationName = Release;
		};
/* End XCConfigurationList section */
	};
	rootObject = 0CFEA3FB25FB709E0075AC6D /* Project object */;
}
